// !$*UTF8*$!
{
	archiveVersion = 1;
	classes = {
	};
	objectVersion = 50;
	objects = {

/* Begin PBXBuildFile section */
		1534292B222BC67100F7FD61 /* AppDelegate.swift in Sources */ = {isa = PBXBuildFile; fileRef = 1534292A222BC67100F7FD61 /* AppDelegate.swift */; };
		1534292D222BC67100F7FD61 /* ViewController.swift in Sources */ = {isa = PBXBuildFile; fileRef = 1534292C222BC67100F7FD61 /* ViewController.swift */; };
		15342930222BC67100F7FD61 /* Main.storyboard in Resources */ = {isa = PBXBuildFile; fileRef = 1534292E222BC67100F7FD61 /* Main.storyboard */; };
		15342932222BC67300F7FD61 /* Assets.xcassets in Resources */ = {isa = PBXBuildFile; fileRef = 15342931222BC67300F7FD61 /* Assets.xcassets */; };
		15342935222BC67300F7FD61 /* LaunchScreen.storyboard in Resources */ = {isa = PBXBuildFile; fileRef = 15342933222BC67300F7FD61 /* LaunchScreen.storyboard */; };
		15342940222BC67300F7FD61 /* LocationDemoTests.swift in Sources */ = {isa = PBXBuildFile; fileRef = 1534293F222BC67300F7FD61 /* LocationDemoTests.swift */; };
		1555BD5B223035460023B63C /* PoiWrapper.swift in Sources */ = {isa = PBXBuildFile; fileRef = 1555BD5A223035460023B63C /* PoiWrapper.swift */; };
		1555BD60223050E60023B63C /* MapKit.framework in Frameworks */ = {isa = PBXBuildFile; fileRef = 1555BD5F223050E60023B63C /* MapKit.framework */; };
		1557D9F222761D650025687E /* DataParser.swift in Sources */ = {isa = PBXBuildFile; fileRef = 1557D9F122761D650025687E /* DataParser.swift */; };
		155B9B56223A65360045E38D /* PoiListViewModel.swift in Sources */ = {isa = PBXBuildFile; fileRef = 155B9B55223A65360045E38D /* PoiListViewModel.swift */; };
		155B9B58223A657D0045E38D /* PoiCellViewModel.swift in Sources */ = {isa = PBXBuildFile; fileRef = 155B9B57223A657D0045E38D /* PoiCellViewModel.swift */; };
		15E3BF19222EE6DF0047E3AE /* MapViewModel.swift in Sources */ = {isa = PBXBuildFile; fileRef = 15E3BF18222EE6DF0047E3AE /* MapViewModel.swift */; };
		15E3F14B223824EE00081FDC /* NetworkLayer.swift in Sources */ = {isa = PBXBuildFile; fileRef = 15E3F14A223824EE00081FDC /* NetworkLayer.swift */; };
		15E3F14D22382ADD00081FDC /* PoiRequest.swift in Sources */ = {isa = PBXBuildFile; fileRef = 15E3F14C22382ADD00081FDC /* PoiRequest.swift */; };
		15E3F14F2238E43000081FDC /* CustomAnnotationViewModel.swift in Sources */ = {isa = PBXBuildFile; fileRef = 15E3F14E2238E43000081FDC /* CustomAnnotationViewModel.swift */; };
		15E3F15422390CBC00081FDC /* TaxiDetailListViewController.m in Sources */ = {isa = PBXBuildFile; fileRef = 15E3F15322390CBC00081FDC /* TaxiDetailListViewController.m */; };
		15E3F1582239713000081FDC /* PoiListViewController.swift in Sources */ = {isa = PBXBuildFile; fileRef = 15E3F1562239713000081FDC /* PoiListViewController.swift */; };
		15E3F1592239713000081FDC /* PoiListViewController.xib in Resources */ = {isa = PBXBuildFile; fileRef = 15E3F1572239713000081FDC /* PoiListViewController.xib */; };
		15E3F15F223971B600081FDC /* PoiViewCell.swift in Sources */ = {isa = PBXBuildFile; fileRef = 15E3F15D223971B600081FDC /* PoiViewCell.swift */; };
		15E3F160223971B600081FDC /* PoiViewCell.xib in Resources */ = {isa = PBXBuildFile; fileRef = 15E3F15E223971B600081FDC /* PoiViewCell.xib */; };
		71631A76243D615E9FBB1EF3 /* Pods_LocationDemo.framework in Frameworks */ = {isa = PBXBuildFile; fileRef = 87EA212FFBE57250506FEA4A /* Pods_LocationDemo.framework */; };
		BA6118CAEC67EF4443A00CB5 /* Pods_LocationDemoTests.framework in Frameworks */ = {isa = PBXBuildFile; fileRef = 25FF682A394FC6E9D44A142B /* Pods_LocationDemoTests.framework */; };
/* End PBXBuildFile section */

/* Begin PBXContainerItemProxy section */
		1534293C222BC67300F7FD61 /* PBXContainerItemProxy */ = {
			isa = PBXContainerItemProxy;
			containerPortal = 1534291F222BC67100F7FD61 /* Project object */;
			proxyType = 1;
			remoteGlobalIDString = 15342926222BC67100F7FD61;
			remoteInfo = LocationDemo;
		};
/* End PBXContainerItemProxy section */

/* Begin PBXFileReference section */
		15342927222BC67100F7FD61 /* LocationDemo.app */ = {isa = PBXFileReference; explicitFileType = wrapper.application; includeInIndex = 0; path = LocationDemo.app; sourceTree = BUILT_PRODUCTS_DIR; };
		1534292A222BC67100F7FD61 /* AppDelegate.swift */ = {isa = PBXFileReference; lastKnownFileType = sourcecode.swift; path = AppDelegate.swift; sourceTree = "<group>"; };
		1534292C222BC67100F7FD61 /* ViewController.swift */ = {isa = PBXFileReference; lastKnownFileType = sourcecode.swift; path = ViewController.swift; sourceTree = "<group>"; };
		1534292F222BC67100F7FD61 /* Base */ = {isa = PBXFileReference; lastKnownFileType = file.storyboard; name = Base; path = Base.lproj/Main.storyboard; sourceTree = "<group>"; };
		15342931222BC67300F7FD61 /* Assets.xcassets */ = {isa = PBXFileReference; lastKnownFileType = folder.assetcatalog; path = Assets.xcassets; sourceTree = "<group>"; };
		15342934222BC67300F7FD61 /* Base */ = {isa = PBXFileReference; lastKnownFileType = file.storyboard; name = Base; path = Base.lproj/LaunchScreen.storyboard; sourceTree = "<group>"; };
		15342936222BC67300F7FD61 /* Info.plist */ = {isa = PBXFileReference; lastKnownFileType = text.plist.xml; path = Info.plist; sourceTree = "<group>"; };
		1534293B222BC67300F7FD61 /* LocationDemoTests.xctest */ = {isa = PBXFileReference; explicitFileType = wrapper.cfbundle; includeInIndex = 0; path = LocationDemoTests.xctest; sourceTree = BUILT_PRODUCTS_DIR; };
		1534293F222BC67300F7FD61 /* LocationDemoTests.swift */ = {isa = PBXFileReference; lastKnownFileType = sourcecode.swift; path = LocationDemoTests.swift; sourceTree = "<group>"; };
		15342941222BC67300F7FD61 /* Info.plist */ = {isa = PBXFileReference; lastKnownFileType = text.plist.xml; path = Info.plist; sourceTree = "<group>"; };
		1539A280227731970068F788 /* functional.playground */ = {isa = PBXFileReference; lastKnownFileType = file.playground; path = functional.playground; sourceTree = "<group>"; xcLanguageSpecificationIdentifier = xcode.lang.swift; };
		153D70CF223F955A005CF336 /* ReactivePG1.playground */ = {isa = PBXFileReference; lastKnownFileType = file.playground; name = ReactivePG1.playground; path = Playgrounds/ReactivePG1.playground; sourceTree = SOURCE_ROOT; xcLanguageSpecificationIdentifier = xcode.lang.swift; };
		1555BD5A223035460023B63C /* PoiWrapper.swift */ = {isa = PBXFileReference; lastKnownFileType = sourcecode.swift; path = PoiWrapper.swift; sourceTree = "<group>"; };
		1555BD5F223050E60023B63C /* MapKit.framework */ = {isa = PBXFileReference; lastKnownFileType = wrapper.framework; name = MapKit.framework; path = System/Library/Frameworks/MapKit.framework; sourceTree = SDKROOT; };
		1557D9F122761D650025687E /* DataParser.swift */ = {isa = PBXFileReference; lastKnownFileType = sourcecode.swift; path = DataParser.swift; sourceTree = "<group>"; };
		155B9B55223A65360045E38D /* PoiListViewModel.swift */ = {isa = PBXFileReference; lastKnownFileType = sourcecode.swift; path = PoiListViewModel.swift; sourceTree = "<group>"; };
		155B9B57223A657D0045E38D /* PoiCellViewModel.swift */ = {isa = PBXFileReference; lastKnownFileType = sourcecode.swift; path = PoiCellViewModel.swift; sourceTree = "<group>"; };
		15E3BF18222EE6DF0047E3AE /* MapViewModel.swift */ = {isa = PBXFileReference; lastKnownFileType = sourcecode.swift; path = MapViewModel.swift; sourceTree = "<group>"; };
		15E3F14A223824EE00081FDC /* NetworkLayer.swift */ = {isa = PBXFileReference; lastKnownFileType = sourcecode.swift; path = NetworkLayer.swift; sourceTree = "<group>"; };
		15E3F14C22382ADD00081FDC /* PoiRequest.swift */ = {isa = PBXFileReference; lastKnownFileType = sourcecode.swift; path = PoiRequest.swift; sourceTree = "<group>"; };
		15E3F14E2238E43000081FDC /* CustomAnnotationViewModel.swift */ = {isa = PBXFileReference; lastKnownFileType = sourcecode.swift; path = CustomAnnotationViewModel.swift; sourceTree = "<group>"; };
		15E3F15222390CBC00081FDC /* LocationDemo-Bridging-Header.h */ = {isa = PBXFileReference; lastKnownFileType = sourcecode.c.h; path = "LocationDemo-Bridging-Header.h"; sourceTree = "<group>"; };
		15E3F15322390CBC00081FDC /* TaxiDetailListViewController.m */ = {isa = PBXFileReference; lastKnownFileType = sourcecode.c.objc; path = TaxiDetailListViewController.m; sourceTree = "<group>"; };
		15E3F15522390D0B00081FDC /* TaxiDetailListViewController.h */ = {isa = PBXFileReference; lastKnownFileType = sourcecode.c.h; path = TaxiDetailListViewController.h; sourceTree = "<group>"; };
		15E3F1562239713000081FDC /* PoiListViewController.swift */ = {isa = PBXFileReference; lastKnownFileType = sourcecode.swift; path = PoiListViewController.swift; sourceTree = "<group>"; };
		15E3F1572239713000081FDC /* PoiListViewController.xib */ = {isa = PBXFileReference; lastKnownFileType = file.xib; path = PoiListViewController.xib; sourceTree = "<group>"; };
		15E3F15D223971B600081FDC /* PoiViewCell.swift */ = {isa = PBXFileReference; lastKnownFileType = sourcecode.swift; path = PoiViewCell.swift; sourceTree = "<group>"; };
		15E3F15E223971B600081FDC /* PoiViewCell.xib */ = {isa = PBXFileReference; lastKnownFileType = file.xib; path = PoiViewCell.xib; sourceTree = "<group>"; };
		25FF682A394FC6E9D44A142B /* Pods_LocationDemoTests.framework */ = {isa = PBXFileReference; explicitFileType = wrapper.framework; includeInIndex = 0; path = Pods_LocationDemoTests.framework; sourceTree = BUILT_PRODUCTS_DIR; };
		36E60DE604FC1A92BF4F946F /* Pods-LocationDemoTests.debug.xcconfig */ = {isa = PBXFileReference; includeInIndex = 1; lastKnownFileType = text.xcconfig; name = "Pods-LocationDemoTests.debug.xcconfig"; path = "Pods/Target Support Files/Pods-LocationDemoTests/Pods-LocationDemoTests.debug.xcconfig"; sourceTree = "<group>"; };
		7982D822EA3FF52112352033 /* Pods-LocationDemoTests.release.xcconfig */ = {isa = PBXFileReference; includeInIndex = 1; lastKnownFileType = text.xcconfig; name = "Pods-LocationDemoTests.release.xcconfig"; path = "Pods/Target Support Files/Pods-LocationDemoTests/Pods-LocationDemoTests.release.xcconfig"; sourceTree = "<group>"; };
		87EA212FFBE57250506FEA4A /* Pods_LocationDemo.framework */ = {isa = PBXFileReference; explicitFileType = wrapper.framework; includeInIndex = 0; path = Pods_LocationDemo.framework; sourceTree = BUILT_PRODUCTS_DIR; };
		C0D28D46E6488410FC574CB7 /* Pods-LocationDemo.release.xcconfig */ = {isa = PBXFileReference; includeInIndex = 1; lastKnownFileType = text.xcconfig; name = "Pods-LocationDemo.release.xcconfig"; path = "Pods/Target Support Files/Pods-LocationDemo/Pods-LocationDemo.release.xcconfig"; sourceTree = "<group>"; };
		EF2D45C1EEA8C4B2785FD606 /* Pods-LocationDemo.debug.xcconfig */ = {isa = PBXFileReference; includeInIndex = 1; lastKnownFileType = text.xcconfig; name = "Pods-LocationDemo.debug.xcconfig"; path = "Pods/Target Support Files/Pods-LocationDemo/Pods-LocationDemo.debug.xcconfig"; sourceTree = "<group>"; };
/* End PBXFileReference section */

/* Begin PBXFrameworksBuildPhase section */
		15342924222BC67100F7FD61 /* Frameworks */ = {
			isa = PBXFrameworksBuildPhase;
			buildActionMask = 2147483647;
			files = (
				1555BD60223050E60023B63C /* MapKit.framework in Frameworks */,
				71631A76243D615E9FBB1EF3 /* Pods_LocationDemo.framework in Frameworks */,
			);
			runOnlyForDeploymentPostprocessing = 0;
		};
		15342938222BC67300F7FD61 /* Frameworks */ = {
			isa = PBXFrameworksBuildPhase;
			buildActionMask = 2147483647;
			files = (
				BA6118CAEC67EF4443A00CB5 /* Pods_LocationDemoTests.framework in Frameworks */,
			);
			runOnlyForDeploymentPostprocessing = 0;
		};
/* End PBXFrameworksBuildPhase section */

/* Begin PBXGroup section */
		1534291E222BC67100F7FD61 = {
			isa = PBXGroup;
			children = (
				153D70CE223F94F4005CF336 /* Playgrounds */,
				15342929222BC67100F7FD61 /* LocationDemo */,
				1534293E222BC67300F7FD61 /* LocationDemoTests */,
				15342928222BC67100F7FD61 /* Products */,
				88A5F5EFE104391D3FF03BE3 /* Pods */,
				E71D0052B7F4BCB411810FAC /* Frameworks */,
			);
			sourceTree = "<group>";
		};
		15342928222BC67100F7FD61 /* Products */ = {
			isa = PBXGroup;
			children = (
				15342927222BC67100F7FD61 /* LocationDemo.app */,
				1534293B222BC67300F7FD61 /* LocationDemoTests.xctest */,
			);
			name = Products;
			sourceTree = "<group>";
		};
		15342929222BC67100F7FD61 /* LocationDemo */ = {
			isa = PBXGroup;
			children = (
				15E3F15A2239717C00081FDC /* View */,
				15E3F15022390C0F00081FDC /* ListModule */,
				15E3F149223824C600081FDC /* Network */,
				1555BD5C223035AB0023B63C /* ViewController */,
				1534294B222BC91300F7FD61 /* ViewModel */,
				1534294A222BC90900F7FD61 /* Model */,
				1534292A222BC67100F7FD61 /* AppDelegate.swift */,
				1534292E222BC67100F7FD61 /* Main.storyboard */,
				15342931222BC67300F7FD61 /* Assets.xcassets */,
				15342933222BC67300F7FD61 /* LaunchScreen.storyboard */,
				15342936222BC67300F7FD61 /* Info.plist */,
			);
			path = LocationDemo;
			sourceTree = "<group>";
		};
		1534293E222BC67300F7FD61 /* LocationDemoTests */ = {
			isa = PBXGroup;
			children = (
				1534293F222BC67300F7FD61 /* LocationDemoTests.swift */,
				15342941222BC67300F7FD61 /* Info.plist */,
			);
			path = LocationDemoTests;
			sourceTree = "<group>";
		};
		1534294A222BC90900F7FD61 /* Model */ = {
			isa = PBXGroup;
			children = (
				1555BD5A223035460023B63C /* PoiWrapper.swift */,
			);
			path = Model;
			sourceTree = "<group>";
		};
		1534294B222BC91300F7FD61 /* ViewModel */ = {
			isa = PBXGroup;
			children = (
				15E3F14E2238E43000081FDC /* CustomAnnotationViewModel.swift */,
				15E3BF18222EE6DF0047E3AE /* MapViewModel.swift */,
				155B9B55223A65360045E38D /* PoiListViewModel.swift */,
				155B9B57223A657D0045E38D /* PoiCellViewModel.swift */,
			);
			path = ViewModel;
			sourceTree = "<group>";
		};
		153D70CE223F94F4005CF336 /* Playgrounds */ = {
			isa = PBXGroup;
			children = (
				1539A280227731970068F788 /* functional.playground */,
				153D70CF223F955A005CF336 /* ReactivePG1.playground */,
			);
			path = Playgrounds;
			sourceTree = "<group>";
		};
		1555BD5C223035AB0023B63C /* ViewController */ = {
			isa = PBXGroup;
			children = (
				1534292C222BC67100F7FD61 /* ViewController.swift */,
				15E3F1562239713000081FDC /* PoiListViewController.swift */,
				15E3F1572239713000081FDC /* PoiListViewController.xib */,
			);
			path = ViewController;
			sourceTree = "<group>";
		};
		15E3F149223824C600081FDC /* Network */ = {
			isa = PBXGroup;
			children = (
				15E3F14A223824EE00081FDC /* NetworkLayer.swift */,
				15E3F14C22382ADD00081FDC /* PoiRequest.swift */,
				1557D9F122761D650025687E /* DataParser.swift */,
			);
			path = Network;
			sourceTree = "<group>";
		};
		15E3F15022390C0F00081FDC /* ListModule */ = {
			isa = PBXGroup;
			children = (
				15E3F15122390C8100081FDC /* ViewController */,
			);
			path = ListModule;
			sourceTree = "<group>";
		};
		15E3F15122390C8100081FDC /* ViewController */ = {
			isa = PBXGroup;
			children = (
				15E3F15322390CBC00081FDC /* TaxiDetailListViewController.m */,
				15E3F15222390CBC00081FDC /* LocationDemo-Bridging-Header.h */,
				15E3F15522390D0B00081FDC /* TaxiDetailListViewController.h */,
			);
			path = ViewController;
			sourceTree = "<group>";
		};
		15E3F15A2239717C00081FDC /* View */ = {
			isa = PBXGroup;
			children = (
				15E3F15D223971B600081FDC /* PoiViewCell.swift */,
				15E3F15E223971B600081FDC /* PoiViewCell.xib */,
			);
			path = View;
			sourceTree = "<group>";
		};
		88A5F5EFE104391D3FF03BE3 /* Pods */ = {
			isa = PBXGroup;
			children = (
				EF2D45C1EEA8C4B2785FD606 /* Pods-LocationDemo.debug.xcconfig */,
				C0D28D46E6488410FC574CB7 /* Pods-LocationDemo.release.xcconfig */,
				36E60DE604FC1A92BF4F946F /* Pods-LocationDemoTests.debug.xcconfig */,
				7982D822EA3FF52112352033 /* Pods-LocationDemoTests.release.xcconfig */,
			);
			name = Pods;
			sourceTree = "<group>";
		};
		E71D0052B7F4BCB411810FAC /* Frameworks */ = {
			isa = PBXGroup;
			children = (
				1555BD5F223050E60023B63C /* MapKit.framework */,
				87EA212FFBE57250506FEA4A /* Pods_LocationDemo.framework */,
				25FF682A394FC6E9D44A142B /* Pods_LocationDemoTests.framework */,
			);
			name = Frameworks;
			sourceTree = "<group>";
		};
/* End PBXGroup section */

/* Begin PBXNativeTarget section */
		15342926222BC67100F7FD61 /* LocationDemo */ = {
			isa = PBXNativeTarget;
			buildConfigurationList = 15342944222BC67300F7FD61 /* Build configuration list for PBXNativeTarget "LocationDemo" */;
			buildPhases = (
				E5C066D6E18EEF819F023972 /* [CP] Check Pods Manifest.lock */,
				15342923222BC67100F7FD61 /* Sources */,
				15342924222BC67100F7FD61 /* Frameworks */,
				15342925222BC67100F7FD61 /* Resources */,
				B6B12CFAF0AE2D7B38F26B11 /* [CP] Embed Pods Frameworks */,
			);
			buildRules = (
			);
			dependencies = (
			);
			name = LocationDemo;
			productName = LocationDemo;
			productReference = 15342927222BC67100F7FD61 /* LocationDemo.app */;
			productType = "com.apple.product-type.application";
		};
		1534293A222BC67300F7FD61 /* LocationDemoTests */ = {
			isa = PBXNativeTarget;
			buildConfigurationList = 15342947222BC67300F7FD61 /* Build configuration list for PBXNativeTarget "LocationDemoTests" */;
			buildPhases = (
				896662369B997CDDE3AC03C4 /* [CP] Check Pods Manifest.lock */,
				15342937222BC67300F7FD61 /* Sources */,
				15342938222BC67300F7FD61 /* Frameworks */,
				15342939222BC67300F7FD61 /* Resources */,
			);
			buildRules = (
			);
			dependencies = (
				1534293D222BC67300F7FD61 /* PBXTargetDependency */,
			);
			name = LocationDemoTests;
			productName = LocationDemoTests;
			productReference = 1534293B222BC67300F7FD61 /* LocationDemoTests.xctest */;
			productType = "com.apple.product-type.bundle.unit-test";
		};
/* End PBXNativeTarget section */

/* Begin PBXProject section */
		1534291F222BC67100F7FD61 /* Project object */ = {
			isa = PBXProject;
			attributes = {
				LastSwiftUpdateCheck = 1000;
				LastUpgradeCheck = 1000;
				ORGANIZATIONNAME = "Saravanakumar Selladurai";
				TargetAttributes = {
					15342926222BC67100F7FD61 = {
						CreatedOnToolsVersion = 10.0;
						LastSwiftMigration = 1000;
						SystemCapabilities = {
							com.apple.Maps.iOS = {
								enabled = 1;
							};
						};
					};
					1534293A222BC67300F7FD61 = {
						CreatedOnToolsVersion = 10.0;
						TestTargetID = 15342926222BC67100F7FD61;
					};
				};
			};
			buildConfigurationList = 15342922222BC67100F7FD61 /* Build configuration list for PBXProject "LocationDemo" */;
			compatibilityVersion = "Xcode 9.3";
			developmentRegion = en;
			hasScannedForEncodings = 0;
			knownRegions = (
				en,
				Base,
			);
			mainGroup = 1534291E222BC67100F7FD61;
			productRefGroup = 15342928222BC67100F7FD61 /* Products */;
			projectDirPath = "";
			projectRoot = "";
			targets = (
				15342926222BC67100F7FD61 /* LocationDemo */,
				1534293A222BC67300F7FD61 /* LocationDemoTests */,
			);
		};
/* End PBXProject section */

/* Begin PBXResourcesBuildPhase section */
		15342925222BC67100F7FD61 /* Resources */ = {
			isa = PBXResourcesBuildPhase;
			buildActionMask = 2147483647;
			files = (
				15342935222BC67300F7FD61 /* LaunchScreen.storyboard in Resources */,
				15E3F160223971B600081FDC /* PoiViewCell.xib in Resources */,
				15E3F1592239713000081FDC /* PoiListViewController.xib in Resources */,
				15342932222BC67300F7FD61 /* Assets.xcassets in Resources */,
				15342930222BC67100F7FD61 /* Main.storyboard in Resources */,
			);
			runOnlyForDeploymentPostprocessing = 0;
		};
		15342939222BC67300F7FD61 /* Resources */ = {
			isa = PBXResourcesBuildPhase;
			buildActionMask = 2147483647;
			files = (
			);
			runOnlyForDeploymentPostprocessing = 0;
		};
/* End PBXResourcesBuildPhase section */

/* Begin PBXShellScriptBuildPhase section */
		896662369B997CDDE3AC03C4 /* [CP] Check Pods Manifest.lock */ = {
			isa = PBXShellScriptBuildPhase;
			buildActionMask = 2147483647;
			files = (
			);
			inputFileListPaths = (
			);
			inputPaths = (
				"${PODS_PODFILE_DIR_PATH}/Podfile.lock",
				"${PODS_ROOT}/Manifest.lock",
			);
			name = "[CP] Check Pods Manifest.lock";
			outputFileListPaths = (
			);
			outputPaths = (
				"$(DERIVED_FILE_DIR)/Pods-LocationDemoTests-checkManifestLockResult.txt",
			);
			runOnlyForDeploymentPostprocessing = 0;
			shellPath = /bin/sh;
			shellScript = "diff \"${PODS_PODFILE_DIR_PATH}/Podfile.lock\" \"${PODS_ROOT}/Manifest.lock\" > /dev/null\nif [ $? != 0 ] ; then\n    # print error to STDERR\n    echo \"error: The sandbox is not in sync with the Podfile.lock. Run 'pod install' or update your CocoaPods installation.\" >&2\n    exit 1\nfi\n# This output is used by Xcode 'outputs' to avoid re-running this script phase.\necho \"SUCCESS\" > \"${SCRIPT_OUTPUT_FILE_0}\"\n";
			showEnvVarsInLog = 0;
		};
		B6B12CFAF0AE2D7B38F26B11 /* [CP] Embed Pods Frameworks */ = {
			isa = PBXShellScriptBuildPhase;
			buildActionMask = 2147483647;
			files = (
			);
			inputFileListPaths = (
			);
			inputPaths = (
				"${SRCROOT}/Pods/Target Support Files/Pods-LocationDemo/Pods-LocationDemo-frameworks.sh",
				"${BUILT_PRODUCTS_DIR}/ReactiveCocoa/ReactiveCocoa.framework",
				"${BUILT_PRODUCTS_DIR}/ReactiveSwift/ReactiveSwift.framework",
				"${BUILT_PRODUCTS_DIR}/Result/Result.framework",
			);
			name = "[CP] Embed Pods Frameworks";
			outputFileListPaths = (
			);
			outputPaths = (
				"${TARGET_BUILD_DIR}/${FRAMEWORKS_FOLDER_PATH}/ReactiveCocoa.framework",
				"${TARGET_BUILD_DIR}/${FRAMEWORKS_FOLDER_PATH}/ReactiveSwift.framework",
				"${TARGET_BUILD_DIR}/${FRAMEWORKS_FOLDER_PATH}/Result.framework",
			);
			runOnlyForDeploymentPostprocessing = 0;
			shellPath = /bin/sh;
			shellScript = "\"${SRCROOT}/Pods/Target Support Files/Pods-LocationDemo/Pods-LocationDemo-frameworks.sh\"\n";
			showEnvVarsInLog = 0;
		};
		E5C066D6E18EEF819F023972 /* [CP] Check Pods Manifest.lock */ = {
			isa = PBXShellScriptBuildPhase;
			buildActionMask = 2147483647;
			files = (
			);
			inputFileListPaths = (
			);
			inputPaths = (
				"${PODS_PODFILE_DIR_PATH}/Podfile.lock",
				"${PODS_ROOT}/Manifest.lock",
			);
			name = "[CP] Check Pods Manifest.lock";
			outputFileListPaths = (
			);
			outputPaths = (
				"$(DERIVED_FILE_DIR)/Pods-LocationDemo-checkManifestLockResult.txt",
			);
			runOnlyForDeploymentPostprocessing = 0;
			shellPath = /bin/sh;
			shellScript = "diff \"${PODS_PODFILE_DIR_PATH}/Podfile.lock\" \"${PODS_ROOT}/Manifest.lock\" > /dev/null\nif [ $? != 0 ] ; then\n    # print error to STDERR\n    echo \"error: The sandbox is not in sync with the Podfile.lock. Run 'pod install' or update your CocoaPods installation.\" >&2\n    exit 1\nfi\n# This output is used by Xcode 'outputs' to avoid re-running this script phase.\necho \"SUCCESS\" > \"${SCRIPT_OUTPUT_FILE_0}\"\n";
			showEnvVarsInLog = 0;
		};
/* End PBXShellScriptBuildPhase section */

/* Begin PBXSourcesBuildPhase section */
		15342923222BC67100F7FD61 /* Sources */ = {
			isa = PBXSourcesBuildPhase;
			buildActionMask = 2147483647;
			files = (
				15E3F14B223824EE00081FDC /* NetworkLayer.swift in Sources */,
				15E3F1582239713000081FDC /* PoiListViewController.swift in Sources */,
				1534292D222BC67100F7FD61 /* ViewController.swift in Sources */,
				1555BD5B223035460023B63C /* PoiWrapper.swift in Sources */,
				155B9B56223A65360045E38D /* PoiListViewModel.swift in Sources */,
				15E3F14F2238E43000081FDC /* CustomAnnotationViewModel.swift in Sources */,
				15E3F14D22382ADD00081FDC /* PoiRequest.swift in Sources */,
				15E3F15422390CBC00081FDC /* TaxiDetailListViewController.m in Sources */,
				1534292B222BC67100F7FD61 /* AppDelegate.swift in Sources */,
				155B9B58223A657D0045E38D /* PoiCellViewModel.swift in Sources */,
				1557D9F222761D650025687E /* DataParser.swift in Sources */,
				15E3BF19222EE6DF0047E3AE /* MapViewModel.swift in Sources */,
				15E3F15F223971B600081FDC /* PoiViewCell.swift in Sources */,
			);
			runOnlyForDeploymentPostprocessing = 0;
		};
		15342937222BC67300F7FD61 /* Sources */ = {
			isa = PBXSourcesBuildPhase;
			buildActionMask = 2147483647;
			files = (
				15342940222BC67300F7FD61 /* LocationDemoTests.swift in Sources */,
			);
			runOnlyForDeploymentPostprocessing = 0;
		};
/* End PBXSourcesBuildPhase section */

/* Begin PBXTargetDependency section */
		1534293D222BC67300F7FD61 /* PBXTargetDependency */ = {
			isa = PBXTargetDependency;
			target = 15342926222BC67100F7FD61 /* LocationDemo */;
			targetProxy = 1534293C222BC67300F7FD61 /* PBXContainerItemProxy */;
		};
/* End PBXTargetDependency section */

/* Begin PBXVariantGroup section */
		1534292E222BC67100F7FD61 /* Main.storyboard */ = {
			isa = PBXVariantGroup;
			children = (
				1534292F222BC67100F7FD61 /* Base */,
			);
			name = Main.storyboard;
			sourceTree = "<group>";
		};
		15342933222BC67300F7FD61 /* LaunchScreen.storyboard */ = {
			isa = PBXVariantGroup;
			children = (
				15342934222BC67300F7FD61 /* Base */,
			);
			name = LaunchScreen.storyboard;
			sourceTree = "<group>";
		};
/* End PBXVariantGroup section */

/* Begin XCBuildConfiguration section */
		15342942222BC67300F7FD61 /* Debug */ = {
			isa = XCBuildConfiguration;
			buildSettings = {
				ALWAYS_SEARCH_USER_PATHS = NO;
				CLANG_ANALYZER_NONNULL = YES;
				CLANG_ANALYZER_NUMBER_OBJECT_CONVERSION = YES_AGGRESSIVE;
				CLANG_CXX_LANGUAGE_STANDARD = "gnu++14";
				CLANG_CXX_LIBRARY = "libc++";
				CLANG_ENABLE_MODULES = YES;
				CLANG_ENABLE_OBJC_ARC = YES;
				CLANG_ENABLE_OBJC_WEAK = YES;
				CLANG_WARN_BLOCK_CAPTURE_AUTORELEASING = YES;
				CLANG_WARN_BOOL_CONVERSION = YES;
				CLANG_WARN_COMMA = YES;
				CLANG_WARN_CONSTANT_CONVERSION = YES;
				CLANG_WARN_DEPRECATED_OBJC_IMPLEMENTATIONS = YES;
				CLANG_WARN_DIRECT_OBJC_ISA_USAGE = YES_ERROR;
				CLANG_WARN_DOCUMENTATION_COMMENTS = YES;
				CLANG_WARN_EMPTY_BODY = YES;
				CLANG_WARN_ENUM_CONVERSION = YES;
				CLANG_WARN_INFINITE_RECURSION = YES;
				CLANG_WARN_INT_CONVERSION = YES;
				CLANG_WARN_NON_LITERAL_NULL_CONVERSION = YES;
				CLANG_WARN_OBJC_IMPLICIT_RETAIN_SELF = YES;
				CLANG_WARN_OBJC_LITERAL_CONVERSION = YES;
				CLANG_WARN_OBJC_ROOT_CLASS = YES_ERROR;
				CLANG_WARN_RANGE_LOOP_ANALYSIS = YES;
				CLANG_WARN_STRICT_PROTOTYPES = YES;
				CLANG_WARN_SUSPICIOUS_MOVE = YES;
				CLANG_WARN_UNGUARDED_AVAILABILITY = YES_AGGRESSIVE;
				CLANG_WARN_UNREACHABLE_CODE = YES;
				CLANG_WARN__DUPLICATE_METHOD_MATCH = YES;
				CODE_SIGN_IDENTITY = "iPhone Developer";
				COPY_PHASE_STRIP = NO;
				DEBUG_INFORMATION_FORMAT = dwarf;
				ENABLE_STRICT_OBJC_MSGSEND = YES;
				ENABLE_TESTABILITY = YES;
				GCC_C_LANGUAGE_STANDARD = gnu11;
				GCC_DYNAMIC_NO_PIC = NO;
				GCC_NO_COMMON_BLOCKS = YES;
				GCC_OPTIMIZATION_LEVEL = 0;
				GCC_PREPROCESSOR_DEFINITIONS = (
					"DEBUG=1",
					"$(inherited)",
				);
				GCC_WARN_64_TO_32_BIT_CONVERSION = YES;
				GCC_WARN_ABOUT_RETURN_TYPE = YES_ERROR;
				GCC_WARN_UNDECLARED_SELECTOR = YES;
				GCC_WARN_UNINITIALIZED_AUTOS = YES_AGGRESSIVE;
				GCC_WARN_UNUSED_FUNCTION = YES;
				GCC_WARN_UNUSED_VARIABLE = YES;
				IPHONEOS_DEPLOYMENT_TARGET = 12.0;
				MTL_ENABLE_DEBUG_INFO = INCLUDE_SOURCE;
				MTL_FAST_MATH = YES;
				ONLY_ACTIVE_ARCH = YES;
				SDKROOT = iphoneos;
				SWIFT_ACTIVE_COMPILATION_CONDITIONS = DEBUG;
				SWIFT_OPTIMIZATION_LEVEL = "-Onone";
			};
			name = Debug;
		};
		15342943222BC67300F7FD61 /* Release */ = {
			isa = XCBuildConfiguration;
			buildSettings = {
				ALWAYS_SEARCH_USER_PATHS = NO;
				CLANG_ANALYZER_NONNULL = YES;
				CLANG_ANALYZER_NUMBER_OBJECT_CONVERSION = YES_AGGRESSIVE;
				CLANG_CXX_LANGUAGE_STANDARD = "gnu++14";
				CLANG_CXX_LIBRARY = "libc++";
				CLANG_ENABLE_MODULES = YES;
				CLANG_ENABLE_OBJC_ARC = YES;
				CLANG_ENABLE_OBJC_WEAK = YES;
				CLANG_WARN_BLOCK_CAPTURE_AUTORELEASING = YES;
				CLANG_WARN_BOOL_CONVERSION = YES;
				CLANG_WARN_COMMA = YES;
				CLANG_WARN_CONSTANT_CONVERSION = YES;
				CLANG_WARN_DEPRECATED_OBJC_IMPLEMENTATIONS = YES;
				CLANG_WARN_DIRECT_OBJC_ISA_USAGE = YES_ERROR;
				CLANG_WARN_DOCUMENTATION_COMMENTS = YES;
				CLANG_WARN_EMPTY_BODY = YES;
				CLANG_WARN_ENUM_CONVERSION = YES;
				CLANG_WARN_INFINITE_RECURSION = YES;
				CLANG_WARN_INT_CONVERSION = YES;
				CLANG_WARN_NON_LITERAL_NULL_CONVERSION = YES;
				CLANG_WARN_OBJC_IMPLICIT_RETAIN_SELF = YES;
				CLANG_WARN_OBJC_LITERAL_CONVERSION = YES;
				CLANG_WARN_OBJC_ROOT_CLASS = YES_ERROR;
				CLANG_WARN_RANGE_LOOP_ANALYSIS = YES;
				CLANG_WARN_STRICT_PROTOTYPES = YES;
				CLANG_WARN_SUSPICIOUS_MOVE = YES;
				CLANG_WARN_UNGUARDED_AVAILABILITY = YES_AGGRESSIVE;
				CLANG_WARN_UNREACHABLE_CODE = YES;
				CLANG_WARN__DUPLICATE_METHOD_MATCH = YES;
				CODE_SIGN_IDENTITY = "iPhone Developer";
				COPY_PHASE_STRIP = NO;
				DEBUG_INFORMATION_FORMAT = "dwarf-with-dsym";
				ENABLE_NS_ASSERTIONS = NO;
				ENABLE_STRICT_OBJC_MSGSEND = YES;
				GCC_C_LANGUAGE_STANDARD = gnu11;
				GCC_NO_COMMON_BLOCKS = YES;
				GCC_WARN_64_TO_32_BIT_CONVERSION = YES;
				GCC_WARN_ABOUT_RETURN_TYPE = YES_ERROR;
				GCC_WARN_UNDECLARED_SELECTOR = YES;
				GCC_WARN_UNINITIALIZED_AUTOS = YES_AGGRESSIVE;
				GCC_WARN_UNUSED_FUNCTION = YES;
				GCC_WARN_UNUSED_VARIABLE = YES;
				IPHONEOS_DEPLOYMENT_TARGET = 12.0;
				MTL_ENABLE_DEBUG_INFO = NO;
				MTL_FAST_MATH = YES;
				SDKROOT = iphoneos;
				SWIFT_COMPILATION_MODE = wholemodule;
				SWIFT_OPTIMIZATION_LEVEL = "-O";
				VALIDATE_PRODUCT = YES;
			};
			name = Release;
		};
		15342945222BC67300F7FD61 /* Debug */ = {
			isa = XCBuildConfiguration;
			baseConfigurationReference = EF2D45C1EEA8C4B2785FD606 /* Pods-LocationDemo.debug.xcconfig */;
			buildSettings = {
				ASSETCATALOG_COMPILER_APPICON_NAME = AppIcon;
				CLANG_ENABLE_MODULES = YES;
				CODE_SIGN_STYLE = Automatic;
				INFOPLIST_FILE = LocationDemo/Info.plist;
				LD_RUNPATH_SEARCH_PATHS = (
					"$(inherited)",
					"@executable_path/Frameworks",
				);
				PRODUCT_BUNDLE_IDENTIFIER = org.none.LocationDemo;
				PRODUCT_NAME = "$(TARGET_NAME)";
				SWIFT_OBJC_BRIDGING_HEADER = "LocationDemo/ListModule/ViewController/LocationDemo-Bridging-Header.h";
				SWIFT_OPTIMIZATION_LEVEL = "-Onone";
				SWIFT_VERSION = 4.2;
				TARGETED_DEVICE_FAMILY = "1,2";
			};
			name = Debug;
		};
		15342946222BC67300F7FD61 /* Release */ = {
			isa = XCBuildConfiguration;
			baseConfigurationReference = C0D28D46E6488410FC574CB7 /* Pods-LocationDemo.release.xcconfig */;
			buildSettings = {
				ASSETCATALOG_COMPILER_APPICON_NAME = AppIcon;
				CLANG_ENABLE_MODULES = YES;
				CODE_SIGN_STYLE = Automatic;
				INFOPLIST_FILE = LocationDemo/Info.plist;
				LD_RUNPATH_SEARCH_PATHS = (
					"$(inherited)",
					"@executable_path/Frameworks",
				);
				PRODUCT_BUNDLE_IDENTIFIER = org.none.LocationDemo;
				PRODUCT_NAME = "$(TARGET_NAME)";
				SWIFT_OBJC_BRIDGING_HEADER = "LocationDemo/ListModule/ViewController/LocationDemo-Bridging-Header.h";
				SWIFT_VERSION = 4.2;
				TARGETED_DEVICE_FAMILY = "1,2";
			};
			name = Release;
		};
		15342948222BC67300F7FD61 /* Debug */ = {
			isa = XCBuildConfiguration;
			baseConfigurationReference = 36E60DE604FC1A92BF4F946F /* Pods-LocationDemoTests.debug.xcconfig */;
			buildSettings = {
				ALWAYS_EMBED_SWIFT_STANDARD_LIBRARIES = YES;
				BUNDLE_LOADER = "$(TEST_HOST)";
				CODE_SIGN_STYLE = Automatic;
				INFOPLIST_FILE = LocationDemoTests/Info.plist;
				LD_RUNPATH_SEARCH_PATHS = (
					"$(inherited)",
					"@executable_path/Frameworks",
					"@loader_path/Frameworks",
				);
				PRODUCT_BUNDLE_IDENTIFIER = org.none.LocationDemoTests;
				PRODUCT_NAME = "$(TARGET_NAME)";
				SWIFT_VERSION = 4.2;
				TARGETED_DEVICE_FAMILY = "1,2";
				TEST_HOST = "$(BUILT_PRODUCTS_DIR)/LocationDemo.app/LocationDemo";
			};
			name = Debug;
		};
		15342949222BC67300F7FD61 /* Release */ = {
			isa = XCBuildConfiguration;
			baseConfigurationReference = 7982D822EA3FF52112352033 /* Pods-LocationDemoTests.release.xcconfig */;
			buildSettings = {
				ALWAYS_EMBED_SWIFT_STANDARD_LIBRARIES = YES;
				BUNDLE_LOADER = "$(TEST_HOST)";
				CODE_SIGN_STYLE = Automatic;
				INFOPLIST_FILE = LocationDemoTests/Info.plist;
				LD_RUNPATH_SEARCH_PATHS = (
					"$(inherited)",
					"@executable_path/Frameworks",
					"@loader_path/Frameworks",
				);
				PRODUCT_BUNDLE_IDENTIFIER = org.none.LocationDemoTests;
				PRODUCT_NAME = "$(TARGET_NAME)";
				SWIFT_VERSION = 4.2;
				TARGETED_DEVICE_FAMILY = "1,2";
				TEST_HOST = "$(BUILT_PRODUCTS_DIR)/LocationDemo.app/LocationDemo";
			};
			name = Release;
		};
/* End XCBuildConfiguration section */

/* Begin XCConfigurationList section */
		15342922222BC67100F7FD61 /* Build configuration list for PBXProject "LocationDemo" */ = {
			isa = XCConfigurationList;
			buildConfigurations = (
				15342942222BC67300F7FD61 /* Debug */,
				15342943222BC67300F7FD61 /* Release */,
			);
			defaultConfigurationIsVisible = 0;
			defaultConfigurationName = Release;
		};
		15342944222BC67300F7FD61 /* Build configuration list for PBXNativeTarget "LocationDemo" */ = {
			isa = XCConfigurationList;
			buildConfigurations = (
				15342945222BC67300F7FD61 /* Debug */,
				15342946222BC67300F7FD61 /* Release */,
			);
			defaultConfigurationIsVisible = 0;
			defaultConfigurationName = Release;
		};
		15342947222BC67300F7FD61 /* Build configuration list for PBXNativeTarget "LocationDemoTests" */ = {
			isa = XCConfigurationList;
			buildConfigurations = (
				15342948222BC67300F7FD61 /* Debug */,
				15342949222BC67300F7FD61 /* Release */,
			);
			defaultConfigurationIsVisible = 0;
			defaultConfigurationName = Release;
		};
/* End XCConfigurationList section */
	};
	rootObject = 1534291F222BC67100F7FD61 /* Project object */;
}
